# This file is automatically @generated by Poetry 1.4.1 and should not be changed by hand.

[[package]]
name = "black"
version = "23.3.0"
description = "The uncompromising code formatter."
category = "dev"
optional = false
python-versions = ">=3.7"
files = [
    {file = "black-23.3.0-cp310-cp310-macosx_10_16_arm64.whl", hash = "sha256:0945e13506be58bf7db93ee5853243eb368ace1c08a24c65ce108986eac65915"},
    {file = "black-23.3.0-cp310-cp310-macosx_10_16_universal2.whl", hash = "sha256:67de8d0c209eb5b330cce2469503de11bca4085880d62f1628bd9972cc3366b9"},
    {file = "black-23.3.0-cp310-cp310-macosx_10_16_x86_64.whl", hash = "sha256:7c3eb7cea23904399866c55826b31c1f55bbcd3890ce22ff70466b907b6775c2"},
    {file = "black-23.3.0-cp310-cp310-manylinux_2_17_x86_64.manylinux2014_x86_64.whl", hash = "sha256:32daa9783106c28815d05b724238e30718f34155653d4d6e125dc7daec8e260c"},
    {file = "black-23.3.0-cp310-cp310-win_amd64.whl", hash = "sha256:35d1381d7a22cc5b2be2f72c7dfdae4072a3336060635718cc7e1ede24221d6c"},
    {file = "black-23.3.0-cp311-cp311-macosx_10_16_arm64.whl", hash = "sha256:a8a968125d0a6a404842fa1bf0b349a568634f856aa08ffaff40ae0dfa52e7c6"},
    {file = "black-23.3.0-cp311-cp311-macosx_10_16_universal2.whl", hash = "sha256:c7ab5790333c448903c4b721b59c0d80b11fe5e9803d8703e84dcb8da56fec1b"},
    {file = "black-23.3.0-cp311-cp311-macosx_10_16_x86_64.whl", hash = "sha256:a6f6886c9869d4daae2d1715ce34a19bbc4b95006d20ed785ca00fa03cba312d"},
    {file = "black-23.3.0-cp311-cp311-manylinux_2_17_x86_64.manylinux2014_x86_64.whl", hash = "sha256:6f3c333ea1dd6771b2d3777482429864f8e258899f6ff05826c3a4fcc5ce3f70"},
    {file = "black-23.3.0-cp311-cp311-win_amd64.whl", hash = "sha256:11c410f71b876f961d1de77b9699ad19f939094c3a677323f43d7a29855fe326"},
    {file = "black-23.3.0-cp37-cp37m-macosx_10_16_x86_64.whl", hash = "sha256:1d06691f1eb8de91cd1b322f21e3bfc9efe0c7ca1f0e1eb1db44ea367dff656b"},
    {file = "black-23.3.0-cp37-cp37m-manylinux_2_17_x86_64.manylinux2014_x86_64.whl", hash = "sha256:50cb33cac881766a5cd9913e10ff75b1e8eb71babf4c7104f2e9c52da1fb7de2"},
    {file = "black-23.3.0-cp37-cp37m-win_amd64.whl", hash = "sha256:e114420bf26b90d4b9daa597351337762b63039752bdf72bf361364c1aa05925"},
    {file = "black-23.3.0-cp38-cp38-macosx_10_16_arm64.whl", hash = "sha256:48f9d345675bb7fbc3dd85821b12487e1b9a75242028adad0333ce36ed2a6d27"},
    {file = "black-23.3.0-cp38-cp38-macosx_10_16_universal2.whl", hash = "sha256:714290490c18fb0126baa0fca0a54ee795f7502b44177e1ce7624ba1c00f2331"},
    {file = "black-23.3.0-cp38-cp38-macosx_10_16_x86_64.whl", hash = "sha256:064101748afa12ad2291c2b91c960be28b817c0c7eaa35bec09cc63aa56493c5"},
    {file = "black-23.3.0-cp38-cp38-manylinux_2_17_x86_64.manylinux2014_x86_64.whl", hash = "sha256:562bd3a70495facf56814293149e51aa1be9931567474993c7942ff7d3533961"},
    {file = "black-23.3.0-cp38-cp38-win_amd64.whl", hash = "sha256:e198cf27888ad6f4ff331ca1c48ffc038848ea9f031a3b40ba36aced7e22f2c8"},
    {file = "black-23.3.0-cp39-cp39-macosx_10_16_arm64.whl", hash = "sha256:3238f2aacf827d18d26db07524e44741233ae09a584273aa059066d644ca7b30"},
    {file = "black-23.3.0-cp39-cp39-macosx_10_16_universal2.whl", hash = "sha256:f0bd2f4a58d6666500542b26354978218a9babcdc972722f4bf90779524515f3"},
    {file = "black-23.3.0-cp39-cp39-macosx_10_16_x86_64.whl", hash = "sha256:92c543f6854c28a3c7f39f4d9b7694f9a6eb9d3c5e2ece488c327b6e7ea9b266"},
    {file = "black-23.3.0-cp39-cp39-manylinux_2_17_x86_64.manylinux2014_x86_64.whl", hash = "sha256:3a150542a204124ed00683f0db1f5cf1c2aaaa9cc3495b7a3b5976fb136090ab"},
    {file = "black-23.3.0-cp39-cp39-win_amd64.whl", hash = "sha256:6b39abdfb402002b8a7d030ccc85cf5afff64ee90fa4c5aebc531e3ad0175ddb"},
    {file = "black-23.3.0-py3-none-any.whl", hash = "sha256:ec751418022185b0c1bb7d7736e6933d40bbb14c14a0abcf9123d1b159f98dd4"},
    {file = "black-23.3.0.tar.gz", hash = "sha256:1c7b8d606e728a41ea1ccbd7264677e494e87cf630e399262ced92d4a8dac940"},
]

[package.dependencies]
click = ">=8.0.0"
mypy-extensions = ">=0.4.3"
packaging = ">=22.0"
pathspec = ">=0.9.0"
platformdirs = ">=2"
tomli = {version = ">=1.1.0", markers = "python_version < \"3.11\""}
typing-extensions = {version = ">=3.10.0.0", markers = "python_version < \"3.10\""}

[package.extras]
colorama = ["colorama (>=0.4.3)"]
d = ["aiohttp (>=3.7.4)"]
jupyter = ["ipython (>=7.8.0)", "tokenize-rt (>=3.2.0)"]
uvloop = ["uvloop (>=0.15.2)"]

[[package]]
name = "click"
version = "8.1.3"
description = "Composable command line interface toolkit"
category = "dev"
optional = false
python-versions = ">=3.7"
files = [
    {file = "click-8.1.3-py3-none-any.whl", hash = "sha256:bb4d8133cb15a609f44e8213d9b391b0809795062913b383c62be0ee95b1db48"},
    {file = "click-8.1.3.tar.gz", hash = "sha256:7682dc8afb30297001674575ea00d1814d808d6a36af415a82bd481d37ba7b8e"},
]

[package.dependencies]
colorama = {version = "*", markers = "platform_system == \"Windows\""}

[[package]]
name = "colorama"
version = "0.4.6"
description = "Cross-platform colored terminal text."
category = "dev"
optional = false
python-versions = "!=3.0.*,!=3.1.*,!=3.2.*,!=3.3.*,!=3.4.*,!=3.5.*,!=3.6.*,>=2.7"
files = [
    {file = "colorama-0.4.6-py2.py3-none-any.whl", hash = "sha256:4f1d9991f5acc0ca119f9d443620b77f9d6b33703e51011c16baf57afb285fc6"},
    {file = "colorama-0.4.6.tar.gz", hash = "sha256:08695f5cb7ed6e0531a20572697297273c47b8cae5a63ffc6d6ed5c201be6e44"},
]

[[package]]
name = "crossandra"
version = "2.0.0"
description = "A simple tokenizer operating on enums with a decent amount of configuration"
category = "main"
optional = false
python-versions = ">=3.8"
files = [
    {file = "crossandra-2.0.0-cp310-cp310-macosx_10_9_universal2.whl", hash = "sha256:c7a07bf0b41605daccbd4ea2435b2a0a596e60f475d4c2c976a5975ca8e013ee"},
    {file = "crossandra-2.0.0-cp310-cp310-macosx_10_9_x86_64.whl", hash = "sha256:58c4ca95ea56229ea1a65ad00b047c70cb0267ac38c6feaaf961dcdb4a9adcff"},
    {file = "crossandra-2.0.0-cp310-cp310-manylinux_2_17_aarch64.manylinux2014_aarch64.whl", hash = "sha256:f988b9df5534037137dacfc3abd392a4adb03d4e1d4370b20cb126eb59a1096a"},
    {file = "crossandra-2.0.0-cp310-cp310-manylinux_2_17_x86_64.manylinux2014_x86_64.whl", hash = "sha256:e959abeb87e43b00b11be962d759ea94191a0d43ee53649cb02dfafca0f85a7e"},
    {file = "crossandra-2.0.0-cp310-cp310-manylinux_2_5_i686.manylinux1_i686.manylinux_2_17_i686.manylinux2014_i686.whl", hash = "sha256:e8a5764d08518a6ad3f826ed054853d16fc43650594836427e28f216c2e9b996"},
    {file = "crossandra-2.0.0-cp310-cp310-musllinux_1_1_aarch64.whl", hash = "sha256:e08dc5652b75fc6a0d2cb1b35fa66b5c3445b146054a1591a24d8b75948b2200"},
    {file = "crossandra-2.0.0-cp310-cp310-musllinux_1_1_i686.whl", hash = "sha256:8459a9c924319d0b32d8048fa63cd19d66e43eb0f94509b0feda7cecc423b494"},
    {file = "crossandra-2.0.0-cp310-cp310-musllinux_1_1_x86_64.whl", hash = "sha256:e92727ac42385ee5dd85db7e39ea4d492fc80d0a0b7ce20c432ca5fbb57915b7"},
    {file = "crossandra-2.0.0-cp310-cp310-win32.whl", hash = "sha256:42d2fb7524cd69f139afdc668c603859495ba66f41c6796a66cdeec1b8d95847"},
    {file = "crossandra-2.0.0-cp310-cp310-win_amd64.whl", hash = "sha256:0eb00adfff046689e35d681a892ab8bb5c293476b7dcaa87b7655348010d537f"},
    {file = "crossandra-2.0.0-cp311-cp311-macosx_10_9_universal2.whl", hash = "sha256:bc60cd0f49364e72600ee39e001eefcc0c750469c21d3175992a50eda614730b"},
    {file = "crossandra-2.0.0-cp311-cp311-macosx_10_9_x86_64.whl", hash = "sha256:aaa1b3cda28a5b2301a2da95efd189d128a336cbfc6f3f3a909f6edad0e63a6a"},
    {file = "crossandra-2.0.0-cp311-cp311-manylinux_2_17_aarch64.manylinux2014_aarch64.whl", hash = "sha256:aaa7392b3cc9be6b9c6c6dffdd7edaef28edb067ca56715560ec9033911b2e1a"},
    {file = "crossandra-2.0.0-cp311-cp311-manylinux_2_17_x86_64.manylinux2014_x86_64.whl", hash = "sha256:4ca4c57db815c077f7c97db84e8bf7cddffb7d42e1467430b51754e331d2c325"},
    {file = "crossandra-2.0.0-cp311-cp311-manylinux_2_5_i686.manylinux1_i686.manylinux_2_17_i686.manylinux2014_i686.whl", hash = "sha256:c8a81712b971c50c530e1bd658da3ead61ed385f89bd71474b69f992614cd01c"},
    {file = "crossandra-2.0.0-cp311-cp311-musllinux_1_1_aarch64.whl", hash = "sha256:78cf49d89a0441d27b55d1ffd0ba79cc6174d8bd5d44c0aa56ef60c1eaa8ef17"},
    {file = "crossandra-2.0.0-cp311-cp311-musllinux_1_1_i686.whl", hash = "sha256:70c641d93f764f8f116f43d61097313a24571309b32ffa7dd3b129ef3ae597cd"},
    {file = "crossandra-2.0.0-cp311-cp311-musllinux_1_1_x86_64.whl", hash = "sha256:a71652b4d60d67ae7cb96d1427c32fd8a333f1cd6229fe23ebc9cdd65893b8d8"},
    {file = "crossandra-2.0.0-cp311-cp311-win32.whl", hash = "sha256:98fb46248792c021870c460f4c0f299f4a9e3b7226450d48b9afafda28431ced"},
    {file = "crossandra-2.0.0-cp311-cp311-win_amd64.whl", hash = "sha256:020f76818de066808e36e1de7b2e1bfb1a130258dd786971c6ebdc626e7db6cf"},
    {file = "crossandra-2.0.0-cp38-cp38-macosx_10_9_universal2.whl", hash = "sha256:ca39b4f7e8901cb7de7a99c1d04f32cc7ccc0ebd4d8c9bf39a0984fa367f2c5f"},
    {file = "crossandra-2.0.0-cp38-cp38-macosx_10_9_x86_64.whl", hash = "sha256:2a47d87b880cc0d0a60112ee7433e1dd0a6d2e0963a317946e128454079eb33a"},
    {file = "crossandra-2.0.0-cp38-cp38-manylinux_2_17_aarch64.manylinux2014_aarch64.whl", hash = "sha256:d16c6289042e2e1d0e137d3bd6576a4b696bc55a2f1b84b1571f7be22431d824"},
    {file = "crossandra-2.0.0-cp38-cp38-manylinux_2_17_x86_64.manylinux2014_x86_64.whl", hash = "sha256:b6c65a93e78959296fc73c579f2c7f8bdd577640fde90cfbf39ea34d54827861"},
    {file = "crossandra-2.0.0-cp38-cp38-manylinux_2_5_i686.manylinux1_i686.manylinux_2_17_i686.manylinux2014_i686.whl", hash = "sha256:5a61540971c7e30f1d0e33133e58e05c242ae44364e9e3a63f799c24cb9490d6"},
    {file = "crossandra-2.0.0-cp38-cp38-musllinux_1_1_aarch64.whl", hash = "sha256:2910b4778a338e27c1049f9ae4e582ce0e5f4a19189f40877a81fde24729b9a1"},
    {file = "crossandra-2.0.0-cp38-cp38-musllinux_1_1_i686.whl", hash = "sha256:28881c83cf55861442f44e1cb71fcda7a5918d4b7d432ee0420c2060376641fc"},
    {file = "crossandra-2.0.0-cp38-cp38-musllinux_1_1_x86_64.whl", hash = "sha256:c49fa01e1eadab04fe03e913669b87e77151852c0bf49691133b0af3eeebdff4"},
    {file = "crossandra-2.0.0-cp38-cp38-win32.whl", hash = "sha256:d91e3d173aaeefc4f5fcee34c528525f0ca92af2c8d48a539584d27742073406"},
    {file = "crossandra-2.0.0-cp38-cp38-win_amd64.whl", hash = "sha256:11f91f586bca22b831bce9e91ac2fad601a49398add29e8bdc919d7d895e54ba"},
    {file = "crossandra-2.0.0-cp39-cp39-macosx_10_9_universal2.whl", hash = "sha256:55ec40d752df445a133476514aa0b1e3ee601d43cfaff63260d1716742001b98"},
    {file = "crossandra-2.0.0-cp39-cp39-macosx_10_9_x86_64.whl", hash = "sha256:a067e653259777bc5ddeb36ec9ba1dba0e50e53b083f34264dc698b6c1359547"},
    {file = "crossandra-2.0.0-cp39-cp39-manylinux_2_17_aarch64.manylinux2014_aarch64.whl", hash = "sha256:901d67f3f05b84e6b01db85f755173b6eacec3f56e2603a65ca02c1dc2bde206"},
    {file = "crossandra-2.0.0-cp39-cp39-manylinux_2_17_x86_64.manylinux2014_x86_64.whl", hash = "sha256:29b0f03bee111129eb2096528935f3d52de6225a85c57d3af38ea2be4d58bb6c"},
    {file = "crossandra-2.0.0-cp39-cp39-manylinux_2_5_i686.manylinux1_i686.manylinux_2_17_i686.manylinux2014_i686.whl", hash = "sha256:7bc6aada63d2b01eae7b3af0d84a08c43dcc9ae05621756c881bb7f69df24f0e"},
    {file = "crossandra-2.0.0-cp39-cp39-musllinux_1_1_aarch64.whl", hash = "sha256:361479bfae35055f104bbacc67cdf30bd1fbe1cd03afd29427afb5ae20339998"},
    {file = "crossandra-2.0.0-cp39-cp39-musllinux_1_1_i686.whl", hash = "sha256:e5cb8c1b373641b6e726d8415d9eb2ddc9bc1a3abfa4687081aaab53f8c796a0"},
    {file = "crossandra-2.0.0-cp39-cp39-musllinux_1_1_x86_64.whl", hash = "sha256:16dbfb87d5dd48718ae3275dd5dc81bb8c4f05f26c6b9e92ad0493f13eda2b75"},
    {file = "crossandra-2.0.0-cp39-cp39-win32.whl", hash = "sha256:a2bd9a3ad2fcaa16baa5c7e7d1d2368d334445d0877cf0a2a4278a4568f43ba7"},
    {file = "crossandra-2.0.0-cp39-cp39-win_amd64.whl", hash = "sha256:66643ee65a6c27df93816ce9ea8a877d80d7c02fc0d0ef538c7f431a22b0dc7a"},
    {file = "crossandra-2.0.0.tar.gz", hash = "sha256:ae6d52391e6034b5bcd5758c88af8450f86955019b39fd13fc9a05cbbe89365a"},
]

[package.dependencies]
result = ">=0.9.0,<0.10.0"

[[package]]
name = "dahlia"
version = "2.3.2"
description = "A library allowing you to use Minecraft format codes in strings."
category = "main"
optional = false
python-versions = ">=3.8,<4.0"
files = [
    {file = "dahlia-2.3.2-py3-none-any.whl", hash = "sha256:5c654807ed6174b9ab1379813728026ab302f79fcc1a3a567adaa2d16e126a3c"},
    {file = "dahlia-2.3.2.tar.gz", hash = "sha256:8872180125942f031c65bad0da7a6e30be5c2926d52c071a5d7c7ef0cef397f6"},
]

[[package]]
name = "mypy-extensions"
version = "1.0.0"
description = "Type system extensions for programs checked with the mypy type checker."
category = "dev"
optional = false
python-versions = ">=3.5"
files = [
    {file = "mypy_extensions-1.0.0-py3-none-any.whl", hash = "sha256:4392f6c0eb8a5668a69e23d168ffa70f0be9ccfd32b5cc2d26a34ae5b844552d"},
    {file = "mypy_extensions-1.0.0.tar.gz", hash = "sha256:75dbf8955dc00442a438fc4d0666508a9a97b6bd41aa2f0ffe9d2f2725af0782"},
]

[[package]]
name = "packaging"
version = "23.1"
description = "Core utilities for Python packages"
category = "dev"
optional = false
python-versions = ">=3.7"
files = [
    {file = "packaging-23.1-py3-none-any.whl", hash = "sha256:994793af429502c4ea2ebf6bf664629d07c1a9fe974af92966e4b8d2df7edc61"},
    {file = "packaging-23.1.tar.gz", hash = "sha256:a392980d2b6cffa644431898be54b0045151319d1e7ec34f0cfed48767dd334f"},
]

[[package]]
name = "pathspec"
version = "0.11.1"
description = "Utility library for gitignore style pattern matching of file paths."
category = "dev"
optional = false
python-versions = ">=3.7"
files = [
    {file = "pathspec-0.11.1-py3-none-any.whl", hash = "sha256:d8af70af76652554bd134c22b3e8a1cc46ed7d91edcdd721ef1a0c51a84a5293"},
    {file = "pathspec-0.11.1.tar.gz", hash = "sha256:2798de800fa92780e33acca925945e9a19a133b715067cf165b8866c15a31687"},
]

[[package]]
name = "platformdirs"
version = "3.5.1"
description = "A small Python package for determining appropriate platform-specific dirs, e.g. a \"user data dir\"."
category = "dev"
optional = false
python-versions = ">=3.7"
files = [
    {file = "platformdirs-3.5.1-py3-none-any.whl", hash = "sha256:e2378146f1964972c03c085bb5662ae80b2b8c06226c54b2ff4aa9483e8a13a5"},
    {file = "platformdirs-3.5.1.tar.gz", hash = "sha256:412dae91f52a6f84830f39a8078cecd0e866cb72294a5c66808e74d5e88d251f"},
]

[package.extras]
docs = ["furo (>=2023.3.27)", "proselint (>=0.13)", "sphinx (>=6.2.1)", "sphinx-autodoc-typehints (>=1.23,!=1.23.4)"]
test = ["appdirs (==1.4.4)", "covdefaults (>=2.3)", "pytest (>=7.3.1)", "pytest-cov (>=4)", "pytest-mock (>=3.10)"]

[[package]]
name = "result"
version = "0.9.0"
description = "A Rust-like result type for Python"
category = "main"
optional = false
python-versions = ">=3.7"
files = [
    {file = "result-0.9.0-py3-none-any.whl", hash = "sha256:2dd342c13fbf28d207c3f466f01a7915c6ee0d1fe3235fd9ba2041d36de498c1"},
    {file = "result-0.9.0.tar.gz", hash = "sha256:cc4147c824221e8326d143a55065ec17b6337a9c0dda7700f7f947ca33ac63fd"},
]

[package.dependencies]
typing-extensions = {version = "*", markers = "python_version < \"3.10\""}

[[package]]
name = "tomli"
version = "2.0.1"
description = "A lil' TOML parser"
category = "dev"
optional = false
python-versions = ">=3.7"
files = [
    {file = "tomli-2.0.1-py3-none-any.whl", hash = "sha256:939de3e7a6161af0c887ef91b7d41a53e7c5a1ca976325f429cb46ea9bc30ecc"},
    {file = "tomli-2.0.1.tar.gz", hash = "sha256:de526c12914f0c550d15924c62d72abc48d6fe7364aa87328337a31007fe8a4f"},
]

[[package]]
name = "typing-extensions"
version = "4.5.0"
description = "Backported and Experimental Type Hints for Python 3.7+"
category = "main"
optional = false
python-versions = ">=3.7"
files = [
    {file = "typing_extensions-4.5.0-py3-none-any.whl", hash = "sha256:fb33085c39dd998ac16d1431ebc293a8b3eedd00fd4a32de0ff79002c19511b4"},
    {file = "typing_extensions-4.5.0.tar.gz", hash = "sha256:5cb5f4a79139d699607b3ef622a1dedafa84e115ab0024e0d9c044a9479ca7cb"},
]

[metadata]
lock-version = "2.0"
python-versions = "^3.9"
content-hash = "90fc75cf325d5ec8ad72b6a91c70c9ebcbe0e08126f3a39bebb89beb3076bb31"
