[[package]]
name = "dahlia"
version = "2.1.1"
description = "A library allowing you to use Minecraft format codes in strings."
category = "main"
optional = false
python-versions = ">=3.8,<4.0"

[[package]]
name = "flake8"
version = "4.0.1"
description = "the modular source code checker: pep8 pyflakes and co"
category = "dev"
optional = false
python-versions = ">=3.6"

[package.dependencies]
mccabe = ">=0.6.0,<0.7.0"
pycodestyle = ">=2.8.0,<2.9.0"
pyflakes = ">=2.4.0,<2.5.0"

[[package]]
name = "mccabe"
version = "0.6.1"
description = "McCabe checker, plugin for flake8"
category = "dev"
optional = false
python-versions = "*"

[[package]]
name = "pycodestyle"
version = "2.8.0"
description = "Python style guide checker"
category = "dev"
optional = false
python-versions = ">=2.7, !=3.0.*, !=3.1.*, !=3.2.*, !=3.3.*, !=3.4.*"

[[package]]
name = "pyflakes"
version = "2.4.0"
description = "passive checker of Python programs"
category = "dev"
optional = false
python-versions = ">=2.7, !=3.0.*, !=3.1.*, !=3.2.*, !=3.3.*"

[metadata]
lock-version = "1.1"
python-versions = "^3.9"
content-hash = "8c2fff1264f77609e2575b1145c095381c4a822a3bcdb14c7165d3b8a3579a86"

[metadata.files]
dahlia = []
flake8 = []
mccabe = []
pycodestyle = []
pyflakes = []
